
Microsoft Visual Studio Solution File, Format Version 11.00
# Visual Studio 2010
Project("{FAE04EC0-301F-11D3-BF4B-00C04F79EFBC}") = "Test01Client", "TestClient01\Test01Client.csproj", "{EF6229DF-49C2-4C5F-B06A-A2526E909F4F}"
EndProject
Project("{FAE04EC0-301F-11D3-BF4B-00C04F79EFBC}") = "Test01CommonLib", "CommonLib\Test01CommonLib.csproj", "{F85FB457-C940-453E-8961-5A8BF735466E}"
EndProject
Project("{FAE04EC0-301F-11D3-BF4B-00C04F79EFBC}") = "Test01Server", "TestServer01\Test01Server.csproj", "{A6C1BA83-5A55-4397-A4DD-84FDCA3536A2}"
EndProject
Project("{FAE04EC0-301F-11D3-BF4B-00C04F79EFBC}") = "Test02ChatServer", "Test02ChatServer\Test02ChatServer.csproj", "{4DED8B5D-488F-44C4-A9B2-9AD5014FBAD4}"
EndProject
Project("{FAE04EC0-301F-11D3-BF4B-00C04F79EFBC}") = "Test02CommonLib", "Test02CommonLib\Test02CommonLib.csproj", "{D4F6AF0E-0C3A-430C-8595-0A4AE9796CF4}"
EndProject
Project("{FAE04EC0-301F-11D3-BF4B-00C04F79EFBC}") = "Test02ChatClient", "Test02ChatClient\Test02ChatClient.csproj", "{162C0F49-1674-4B30-97D2-DD8EB23B3A5F}"
EndProject
Project("{FAE04EC0-301F-11D3-BF4B-00C04F79EFBC}") = "Scs", "..\..\src\Scs\Scs.csproj", "{0DC81B09-3ABF-4BB3-8C08-4E8EE4432BDC}"
EndProject
Global
	GlobalSection(SolutionConfigurationPlatforms) = preSolution
		Debug|Any CPU = Debug|Any CPU
		Debug|Mixed Platforms = Debug|Mixed Platforms
		Debug|x86 = Debug|x86
		Release|Any CPU = Release|Any CPU
		Release|Mixed Platforms = Release|Mixed Platforms
		Release|x86 = Release|x86
	EndGlobalSection
	GlobalSection(ProjectConfigurationPlatforms) = postSolution
		{EF6229DF-49C2-4C5F-B06A-A2526E909F4F}.Debug|Any CPU.ActiveCfg = Debug|x86
		{EF6229DF-49C2-4C5F-B06A-A2526E909F4F}.Debug|Mixed Platforms.ActiveCfg = Debug|x86
		{EF6229DF-49C2-4C5F-B06A-A2526E909F4F}.Debug|Mixed Platforms.Build.0 = Debug|x86
		{EF6229DF-49C2-4C5F-B06A-A2526E909F4F}.Debug|x86.ActiveCfg = Debug|x86
		{EF6229DF-49C2-4C5F-B06A-A2526E909F4F}.Debug|x86.Build.0 = Debug|x86
		{EF6229DF-49C2-4C5F-B06A-A2526E909F4F}.Release|Any CPU.ActiveCfg = Release|x86
		{EF6229DF-49C2-4C5F-B06A-A2526E909F4F}.Release|Mixed Platforms.ActiveCfg = Release|x86
		{EF6229DF-49C2-4C5F-B06A-A2526E909F4F}.Release|Mixed Platforms.Build.0 = Release|x86
		{EF6229DF-49C2-4C5F-B06A-A2526E909F4F}.Release|x86.ActiveCfg = Release|x86
		{EF6229DF-49C2-4C5F-B06A-A2526E909F4F}.Release|x86.Build.0 = Release|x86
		{F85FB457-C940-453E-8961-5A8BF735466E}.Debug|Any CPU.ActiveCfg = Debug|Any CPU
		{F85FB457-C940-453E-8961-5A8BF735466E}.Debug|Any CPU.Build.0 = Debug|Any CPU
		{F85FB457-C940-453E-8961-5A8BF735466E}.Debug|Mixed Platforms.ActiveCfg = Debug|Any CPU
		{F85FB457-C940-453E-8961-5A8BF735466E}.Debug|Mixed Platforms.Build.0 = Debug|Any CPU
		{F85FB457-C940-453E-8961-5A8BF735466E}.Debug|x86.ActiveCfg = Debug|Any CPU
		{F85FB457-C940-453E-8961-5A8BF735466E}.Release|Any CPU.ActiveCfg = Release|Any CPU
		{F85FB457-C940-453E-8961-5A8BF735466E}.Release|Any CPU.Build.0 = Release|Any CPU
		{F85FB457-C940-453E-8961-5A8BF735466E}.Release|Mixed Platforms.ActiveCfg = Release|Any CPU
		{F85FB457-C940-453E-8961-5A8BF735466E}.Release|Mixed Platforms.Build.0 = Release|Any CPU
		{F85FB457-C940-453E-8961-5A8BF735466E}.Release|x86.ActiveCfg = Release|Any CPU
		{A6C1BA83-5A55-4397-A4DD-84FDCA3536A2}.Debug|Any CPU.ActiveCfg = Debug|x86
		{A6C1BA83-5A55-4397-A4DD-84FDCA3536A2}.Debug|Mixed Platforms.ActiveCfg = Debug|x86
		{A6C1BA83-5A55-4397-A4DD-84FDCA3536A2}.Debug|Mixed Platforms.Build.0 = Debug|x86
		{A6C1BA83-5A55-4397-A4DD-84FDCA3536A2}.Debug|x86.ActiveCfg = Debug|x86
		{A6C1BA83-5A55-4397-A4DD-84FDCA3536A2}.Debug|x86.Build.0 = Debug|x86
		{A6C1BA83-5A55-4397-A4DD-84FDCA3536A2}.Release|Any CPU.ActiveCfg = Release|x86
		{A6C1BA83-5A55-4397-A4DD-84FDCA3536A2}.Release|Mixed Platforms.ActiveCfg = Release|x86
		{A6C1BA83-5A55-4397-A4DD-84FDCA3536A2}.Release|Mixed Platforms.Build.0 = Release|x86
		{A6C1BA83-5A55-4397-A4DD-84FDCA3536A2}.Release|x86.ActiveCfg = Release|x86
		{A6C1BA83-5A55-4397-A4DD-84FDCA3536A2}.Release|x86.Build.0 = Release|x86
		{4DED8B5D-488F-44C4-A9B2-9AD5014FBAD4}.Debug|Any CPU.ActiveCfg = Debug|x86
		{4DED8B5D-488F-44C4-A9B2-9AD5014FBAD4}.Debug|Mixed Platforms.ActiveCfg = Debug|x86
		{4DED8B5D-488F-44C4-A9B2-9AD5014FBAD4}.Debug|Mixed Platforms.Build.0 = Debug|x86
		{4DED8B5D-488F-44C4-A9B2-9AD5014FBAD4}.Debug|x86.ActiveCfg = Debug|x86
		{4DED8B5D-488F-44C4-A9B2-9AD5014FBAD4}.Debug|x86.Build.0 = Debug|x86
		{4DED8B5D-488F-44C4-A9B2-9AD5014FBAD4}.Release|Any CPU.ActiveCfg = Release|x86
		{4DED8B5D-488F-44C4-A9B2-9AD5014FBAD4}.Release|Mixed Platforms.ActiveCfg = Release|x86
		{4DED8B5D-488F-44C4-A9B2-9AD5014FBAD4}.Release|Mixed Platforms.Build.0 = Release|x86
		{4DED8B5D-488F-44C4-A9B2-9AD5014FBAD4}.Release|x86.ActiveCfg = Release|x86
		{4DED8B5D-488F-44C4-A9B2-9AD5014FBAD4}.Release|x86.Build.0 = Release|x86
		{D4F6AF0E-0C3A-430C-8595-0A4AE9796CF4}.Debug|Any CPU.ActiveCfg = Debug|x86
		{D4F6AF0E-0C3A-430C-8595-0A4AE9796CF4}.Debug|Mixed Platforms.ActiveCfg = Debug|x86
		{D4F6AF0E-0C3A-430C-8595-0A4AE9796CF4}.Debug|Mixed Platforms.Build.0 = Debug|x86
		{D4F6AF0E-0C3A-430C-8595-0A4AE9796CF4}.Debug|x86.ActiveCfg = Debug|x86
		{D4F6AF0E-0C3A-430C-8595-0A4AE9796CF4}.Debug|x86.Build.0 = Debug|x86
		{D4F6AF0E-0C3A-430C-8595-0A4AE9796CF4}.Release|Any CPU.ActiveCfg = Release|x86
		{D4F6AF0E-0C3A-430C-8595-0A4AE9796CF4}.Release|Mixed Platforms.ActiveCfg = Release|x86
		{D4F6AF0E-0C3A-430C-8595-0A4AE9796CF4}.Release|Mixed Platforms.Build.0 = Release|x86
		{D4F6AF0E-0C3A-430C-8595-0A4AE9796CF4}.Release|x86.ActiveCfg = Release|x86
		{D4F6AF0E-0C3A-430C-8595-0A4AE9796CF4}.Release|x86.Build.0 = Release|x86
		{162C0F49-1674-4B30-97D2-DD8EB23B3A5F}.Debug|Any CPU.ActiveCfg = Debug|x86
		{162C0F49-1674-4B30-97D2-DD8EB23B3A5F}.Debug|Mixed Platforms.ActiveCfg = Debug|x86
		{162C0F49-1674-4B30-97D2-DD8EB23B3A5F}.Debug|Mixed Platforms.Build.0 = Debug|x86
		{162C0F49-1674-4B30-97D2-DD8EB23B3A5F}.Debug|x86.ActiveCfg = Debug|x86
		{162C0F49-1674-4B30-97D2-DD8EB23B3A5F}.Debug|x86.Build.0 = Debug|x86
		{162C0F49-1674-4B30-97D2-DD8EB23B3A5F}.Release|Any CPU.ActiveCfg = Release|x86
		{162C0F49-1674-4B30-97D2-DD8EB23B3A5F}.Release|Mixed Platforms.ActiveCfg = Release|x86
		{162C0F49-1674-4B30-97D2-DD8EB23B3A5F}.Release|Mixed Platforms.Build.0 = Release|x86
		{162C0F49-1674-4B30-97D2-DD8EB23B3A5F}.Release|x86.ActiveCfg = Release|x86
		{162C0F49-1674-4B30-97D2-DD8EB23B3A5F}.Release|x86.Build.0 = Release|x86
		{0DC81B09-3ABF-4BB3-8C08-4E8EE4432BDC}.Debug|Any CPU.ActiveCfg = Debug|Any CPU
		{0DC81B09-3ABF-4BB3-8C08-4E8EE4432BDC}.Debug|Any CPU.Build.0 = Debug|Any CPU
		{0DC81B09-3ABF-4BB3-8C08-4E8EE4432BDC}.Debug|Mixed Platforms.ActiveCfg = Debug|Any CPU
		{0DC81B09-3ABF-4BB3-8C08-4E8EE4432BDC}.Debug|Mixed Platforms.Build.0 = Debug|Any CPU
		{0DC81B09-3ABF-4BB3-8C08-4E8EE4432BDC}.Debug|x86.ActiveCfg = Debug|Any CPU
		{0DC81B09-3ABF-4BB3-8C08-4E8EE4432BDC}.Release|Any CPU.ActiveCfg = Release|Any CPU
		{0DC81B09-3ABF-4BB3-8C08-4E8EE4432BDC}.Release|Any CPU.Build.0 = Release|Any CPU
		{0DC81B09-3ABF-4BB3-8C08-4E8EE4432BDC}.Release|Mixed Platforms.ActiveCfg = Release|Any CPU
		{0DC81B09-3ABF-4BB3-8C08-4E8EE4432BDC}.Release|Mixed Platforms.Build.0 = Release|Any CPU
		{0DC81B09-3ABF-4BB3-8C08-4E8EE4432BDC}.Release|x86.ActiveCfg = Release|Any CPU
	EndGlobalSection
	GlobalSection(SolutionProperties) = preSolution
		HideSolutionNode = FALSE
	EndGlobalSection
EndGlobal
